{
  "name": "@aikdna/kdna-studio-cli",
  "version": "0.2.0",
  "lockfileVersion": 3,
  "requires": true,
  "packages": {
    "": {
      "name": "@aikdna/kdna-studio-cli",
      "version": "0.2.0",
      "license": "Apache-2.0",
      "dependencies": {
        "@aikdna/kdna-studio-core": "^1.4.1"
      },
      "bin": {
        "kdna-studio": "bin/kdna-studio.js"
      },
      "devDependencies": {
        "@aikdna/kdna-core": "^0.7.1"
      },
      "engines": {
        "node": ">=18"
      }
    },
    "node_modules/@aikdna/kdna-core": {
      "version": "0.7.1",
      "resolved": "https://registry.npmjs.org/@aikdna/kdna-core/-/kdna-core-0.7.1.tgz",
      "integrity": "sha512-jK+22Gm+PWQVWBAmjcwV3NszCnHvkxOX+PWzN7MX+8wYWvSfE4Envz1gPU8CFBSx6rsY8swSRWqxM9wp/WAUig==",
      "dev": true,
      "license": "Apache-2.0",
      "peerDependencies": {
        "ajv": "^8.17.1",
        "ajv-formats": "^3.0.1"
      },
      "peerDependenciesMeta": {
        "ajv": {
          "optional": true
        },
        "ajv-formats": {
          "optional": true
        }
      }
    },
    "node_modules/@aikdna/kdna-studio-core": {
      "version": "1.4.1",
      "resolved": "https://registry.npmjs.org/@aikdna/kdna-studio-core/-/kdna-studio-core-1.4.1.tgz",
      "integrity": "sha512-u2b1XByUk5dfXObZgLPlRb4Gjs3oLL5p0YN0H+5yg516mKTSphrSCGVNH7ul4LPP/1SymRhjta4SuROcBM/o4Q==",
      "license": "Apache-2.0",
      "dependencies": {
        "@aikdna/kdna-core": "^0.6.0"
      },
      "engines": {
        "node": ">=18"
      }
    },
    "node_modules/@aikdna/kdna-studio-core/node_modules/@aikdna/kdna-core": {
      "version": "0.6.0",
      "resolved": "https://registry.npmjs.org/@aikdna/kdna-core/-/kdna-core-0.6.0.tgz",
      "integrity": "sha512-Q/F7dBjMq9U4ceqRbJA/ltDCWIZ+TnoUgDSLMUGecTkCcQcvXWhc1wm9oKaVXmxuBAvKAhwI5jdCe//r33rdjw==",
      "license": "Apache-2.0",
      "peerDependencies": {
        "ajv": "^8.17.1",
        "ajv-formats": "^3.0.1"
      },
      "peerDependenciesMeta": {
        "ajv": {
          "optional": true
        },
        "ajv-formats": {
          "optional": true
        }
      }
    }
  }
}
