{
  "name": "@aikdna/kdna-studio-cli",
  "version": "0.3.0",
  "lockfileVersion": 3,
  "requires": true,
  "packages": {
    "": {
      "name": "@aikdna/kdna-studio-cli",
      "version": "0.3.0",
      "license": "Apache-2.0",
      "dependencies": {
        "@aikdna/kdna-studio-core": "file:../kdna-studio-core"
      },
      "bin": {
        "kdna-studio": "bin/kdna-studio.js"
      },
      "devDependencies": {
        "@aikdna/kdna-core": "^0.7.1"
      },
      "engines": {
        "node": ">=18"
      }
    },
    "../kdna-studio-core": {
      "name": "@aikdna/kdna-studio-core",
      "version": "1.4.2",
      "license": "Apache-2.0",
      "dependencies": {
        "@aikdna/kdna-core": "^0.7.0",
        "cbor-x": "^1.6.4"
      },
      "devDependencies": {
        "@aikdna/kdna-cli": "^0.19.3"
      },
      "engines": {
        "node": ">=18"
      }
    },
    "node_modules/@aikdna/kdna-core": {
      "version": "0.7.1",
      "resolved": "https://registry.npmjs.org/@aikdna/kdna-core/-/kdna-core-0.7.1.tgz",
      "integrity": "sha512-jK+22Gm+PWQVWBAmjcwV3NszCnHvkxOX+PWzN7MX+8wYWvSfE4Envz1gPU8CFBSx6rsY8swSRWqxM9wp/WAUig==",
      "dev": true,
      "license": "Apache-2.0",
      "peerDependencies": {
        "ajv": "^8.17.1",
        "ajv-formats": "^3.0.1"
      },
      "peerDependenciesMeta": {
        "ajv": {
          "optional": true
        },
        "ajv-formats": {
          "optional": true
        }
      }
    },
    "node_modules/@aikdna/kdna-studio-core": {
      "resolved": "../kdna-studio-core",
      "link": true
    }
  }
}
